{"version":4,"terraform_version":"1.10.6","serial":2,"lineage":"f2d68202-fa81-5042-d17a-9c7576d9fed7","outputs":{"public_ip":{"value":"34.147.93.89","type":"string"}},"resources":[{"mode":"managed","type":"google_compute_firewall","name":"allow-ssh-http-https-custom_ports","provider":"provider[\"registry.opentofu.org/hashicorp/google\"]","instances":[{"schema_version":1,"attributes":{"allow":[{"ports":["22","80","443","8080"],"protocol":"tcp"}],"creation_timestamp":"2025-11-26T00:55:46.105-08:00","deny":[],"description":"","destination_ranges":[],"direction":"INGRESS","disabled":false,"enable_logging":null,"id":"projects/tf-project-1763286414/global/firewalls/allow-ssh-http-https-8080","log_config":[],"name":"allow-ssh-http-https-8080","network":"https://www.googleapis.com/compute/v1/projects/tf-project-1763286414/global/networks/default","priority":1000,"project":"tf-project-1763286414","self_link":"https://www.googleapis.com/compute/v1/projects/tf-project-1763286414/global/firewalls/allow-ssh-http-https-8080","source_ranges":["0.0.0.0/0"],"source_service_accounts":null,"source_tags":null,"target_service_accounts":null,"target_tags":["allow-ssh-http-https-8080"],"timeouts":null},"sensitive_attributes":[],"private":"eyJlMmJmYjczMC1lY2FhLTExZTYtOGY4OC0zNDM2M2JjN2M0YzAiOnsiY3JlYXRlIjoxMjAwMDAwMDAwMDAwLCJkZWxldGUiOjEyMDAwMDAwMDAwMDAsInVwZGF0ZSI6MTIwMDAwMDAwMDAwMH0sInNjaGVtYV92ZXJzaW9uIjoiMSJ9"}]},{"mode":"managed","type":"google_compute_instance","name":"default","provider":"provider[\"registry.opentofu.org/hashicorp/google\"]","instances":[{"schema_version":6,"attributes":{"advanced_machine_features":[],"allow_stopping_for_update":null,"attached_disk":[],"boot_disk":[{"auto_delete":true,"device_name":"persistent-disk-0","disk_encryption_key_raw":"","disk_encryption_key_sha256":"","initialize_params":[{"enable_confidential_compute":false,"image":"https://www.googleapis.com/compute/v1/projects/ubuntu-os-cloud/global/images/ubuntu-2204-jammy-v20251120","labels":{},"provisioned_iops":0,"provisioned_throughput":0,"resource_manager_tags":null,"size":50,"storage_pool":"","type":"pd-balanced"}],"kms_key_self_link":"","mode":"READ_WRITE","source":"https://www.googleapis.com/compute/v1/projects/tf-project-1763286414/zones/europe-west4-a/disks/vm-k8s"}],"can_ip_forward":false,"confidential_instance_config":[],"cpu_platform":"Intel Skylake","current_status":"RUNNING","deletion_protection":false,"description":"","desired_status":null,"effective_labels":{},"enable_display":false,"guest_accelerator":[],"hostname":"","id":"projects/tf-project-1763286414/zones/europe-west4-a/instances/vm-k8s","instance_id":"6853249205843754621","label_fingerprint":"42WmSpB8rSM=","labels":null,"machine_type":"custom-2-4096","metadata":{"ssh-keys":"rg:ssh-rsa AAAAB3NzaC1yc2EAAAADAQABAAACAQCm33QBoDE9uz5sWk+oB+h+iMEDt2Nbxle2Y2Np27aKSgfoT9pxD8ZSisr7FLlGr2wuBdrpdal/5lYzfCfuBQTN3dYhuOo3sY9XTn9klxfZtZAL9UxIHJY9kn5LIEELHWROAR940AdmF1jueAfBdN5nPs+HEK7GU2OjK1EH5ETAYqCOOq8sN0bfHFG6ah+3LxBvTTr57efcJWjSVQCcMPvKpv+yOye+vG1HJgB30vsNtoFHw+em4QSHoJnamyKetskaUxat4AGXh6N3SO9g3cU5nqNpfFCkt+zEE20XImN6gSdoEBv9d5TaRy8fqkiIekEzlnbb7ejXfMCaHznvo6HVLt2KZlPahTLEOasObDDOOrhqmtAVh0Ild3FzNRhxb+ksI19dbKFKYKqENic0ayt8FwRs1rjAmaxbpGf1kmTiUZTmUoH5/FajFJ7QNgjC+LVTWtvDIvbSPvjjsBGNt4jvgJaMR3bokw7AGqZ4+t3tdM0BXVWCHEE9+QKXUC76GdivWwvHwK1bgSvAfMt+TK0AM371jCY4XHhZOAOBuc/gGyiAx3jYZtr+E9ffAHtgELX/yQ/FkxoPB5Gw+wIRCuNvVng8zMaQAQGkIO9Y45XI3w/dBOZLjeOnxjFa94mj5SiM6TEOiKGx2vwYRLnfFzQY1V2RXNZ4wjo/UmlSR7Mn5Q== tandalam@tandalampc\n"},"metadata_fingerprint":"ullrAPfW1tk=","metadata_startup_script":null,"min_cpu_platform":"","name":"vm-k8s","network_interface":[{"access_config":[{"nat_ip":"34.147.93.89","network_tier":"PREMIUM","public_ptr_domain_name":""}],"alias_ip_range":[],"internal_ipv6_prefix_length":0,"ipv6_access_config":[],"ipv6_access_type":"","ipv6_address":"","name":"nic0","network":"https://www.googleapis.com/compute/v1/projects/tf-project-1763286414/global/networks/default","network_ip":"10.164.0.12","nic_type":"","queue_count":0,"stack_type":"IPV4_ONLY","subnetwork":"https://www.googleapis.com/compute/v1/projects/tf-project-1763286414/regions/europe-west4/subnetworks/default","subnetwork_project":"tf-project-1763286414"}],"network_performance_config":[],"params":[],"project":"tf-project-1763286414","reservation_affinity":[],"resource_policies":null,"scheduling":[{"automatic_restart":true,"instance_termination_action":"","local_ssd_recovery_timeout":[],"max_run_duration":[],"min_node_cpus":0,"node_affinities":[],"on_host_maintenance":"MIGRATE","on_instance_stop_action":[],"preemptible":false,"provisioning_model":"STANDARD"}],"scratch_disk":[],"self_link":"https://www.googleapis.com/compute/v1/projects/tf-project-1763286414/zones/europe-west4-a/instances/vm-k8s","service_account":[],"shielded_instance_config":[{"enable_integrity_monitoring":true,"enable_secure_boot":false,"enable_vtpm":true}],"tags":["allow-ssh-http-https-8080"],"tags_fingerprint":"_Z8Gmbj0t9U=","terraform_labels":{},"timeouts":null,"zone":"europe-west4-a"},"sensitive_attributes":[[{"type":"get_attr","value":"boot_disk"},{"type":"index","value":{"value":0,"type":"number"}},{"type":"get_attr","value":"disk_encryption_key_raw"}]],"private":"eyJlMmJmYjczMC1lY2FhLTExZTYtOGY4OC0zNDM2M2JjN2M0YzAiOnsiY3JlYXRlIjoxMjAwMDAwMDAwMDAwLCJkZWxldGUiOjEyMDAwMDAwMDAwMDAsInVwZGF0ZSI6MTIwMDAwMDAwMDAwMH0sInNjaGVtYV92ZXJzaW9uIjoiNiJ9"}]}],"check_results":null}
