{"format_version":"1.2","terraform_version":"1.10.6","planned_values":{"root_module":{"resources":[{"address":"google_compute_firewall.allow-ssh-http-https-custom_ports","mode":"managed","type":"google_compute_firewall","name":"allow-ssh-http-https-custom_ports","provider_name":"registry.opentofu.org/hashicorp/google","schema_version":1,"values":{"allow":[{"ports":["22","80","443","8080"],"protocol":"tcp"}],"deny":[],"description":null,"disabled":null,"log_config":[],"name":"allow-ssh-http-https-8080","network":"default","priority":1000,"project":"tf-project-1763286414","source_ranges":["0.0.0.0/0"],"source_service_accounts":null,"source_tags":null,"target_service_accounts":null,"target_tags":["allow-ssh-http-https-8080"],"timeouts":null},"sensitive_values":{"allow":[{"ports":[false,false,false,false]}],"deny":[],"destination_ranges":[],"log_config":[],"source_ranges":[false],"target_tags":[false]}},{"address":"google_compute_instance.default","mode":"managed","type":"google_compute_instance","name":"default","provider_name":"registry.opentofu.org/hashicorp/google","schema_version":6,"values":{"advanced_machine_features":[],"allow_stopping_for_update":null,"attached_disk":[],"boot_disk":[{"auto_delete":true,"disk_encryption_key_raw":null,"initialize_params":[{"enable_confidential_compute":null,"image":"projects/ubuntu-os-cloud/global/images/family/ubuntu-2204-lts","resource_manager_tags":null,"size":30,"storage_pool":null,"type":"pd-balanced"}],"mode":"READ_WRITE"}],"can_ip_forward":false,"deletion_protection":false,"description":null,"desired_status":null,"enable_display":null,"hostname":null,"labels":null,"machine_type":"custom-2-2048","metadata":{"ssh-keys":"rg:ssh-rsa AAAAB3NzaC1yc2EAAAADAQABAAACAQCm33QBoDE9uz5sWk+oB+h+iMEDt2Nbxle2Y2Np27aKSgfoT9pxD8ZSisr7FLlGr2wuBdrpdal/5lYzfCfuBQTN3dYhuOo3sY9XTn9klxfZtZAL9UxIHJY9kn5LIEELHWROAR940AdmF1jueAfBdN5nPs+HEK7GU2OjK1EH5ETAYqCOOq8sN0bfHFG6ah+3LxBvTTr57efcJWjSVQCcMPvKpv+yOye+vG1HJgB30vsNtoFHw+em4QSHoJnamyKetskaUxat4AGXh6N3SO9g3cU5nqNpfFCkt+zEE20XImN6gSdoEBv9d5TaRy8fqkiIekEzlnbb7ejXfMCaHznvo6HVLt2KZlPahTLEOasObDDOOrhqmtAVh0Ild3FzNRhxb+ksI19dbKFKYKqENic0ayt8FwRs1rjAmaxbpGf1kmTiUZTmUoH5/FajFJ7QNgjC+LVTWtvDIvbSPvjjsBGNt4jvgJaMR3bokw7AGqZ4+t3tdM0BXVWCHEE9+QKXUC76GdivWwvHwK1bgSvAfMt+TK0AM371jCY4XHhZOAOBuc/gGyiAx3jYZtr+E9ffAHtgELX/yQ/FkxoPB5Gw+wIRCuNvVng8zMaQAQGkIO9Y45XI3w/dBOZLjeOnxjFa94mj5SiM6TEOiKGx2vwYRLnfFzQY1V2RXNZ4wjo/UmlSR7Mn5Q== tandalam@tandalampc\n"},"metadata_startup_script":null,"name":"vm-native","network_interface":[{"access_config":[{"public_ptr_domain_name":null}],"alias_ip_range":[],"ipv6_access_config":[],"network":"default","nic_type":null,"queue_count":null}],"network_performance_config":[],"params":[],"project":"tf-project-1763286414","resource_policies":null,"scratch_disk":[],"service_account":[],"shielded_instance_config":[],"tags":["allow-ssh-http-https-8080"],"timeouts":null,"zone":"europe-west4-a"},"sensitive_values":{"advanced_machine_features":[],"attached_disk":[],"boot_disk":[{"disk_encryption_key_raw":true,"initialize_params":[{"labels":{}}]}],"confidential_instance_config":[],"effective_labels":{},"guest_accelerator":[],"metadata":{},"network_interface":[{"access_config":[{}],"alias_ip_range":[],"ipv6_access_config":[]}],"network_performance_config":[],"params":[],"reservation_affinity":[],"scheduling":[],"scratch_disk":[],"service_account":[],"shielded_instance_config":[],"tags":[false],"terraform_labels":{}}}]}},"resource_changes":[{"address":"google_compute_firewall.allow-ssh-http-https-custom_ports","mode":"managed","type":"google_compute_firewall","name":"allow-ssh-http-https-custom_ports","provider_name":"registry.opentofu.org/hashicorp/google","change":{"actions":["create"],"before":null,"after":{"allow":[{"ports":["22","80","443","8080"],"protocol":"tcp"}],"deny":[],"description":null,"disabled":null,"log_config":[],"name":"allow-ssh-http-https-8080","network":"default","priority":1000,"project":"tf-project-1763286414","source_ranges":["0.0.0.0/0"],"source_service_accounts":null,"source_tags":null,"target_service_accounts":null,"target_tags":["allow-ssh-http-https-8080"],"timeouts":null},"after_unknown":{"allow":[{"ports":[false,false,false,false]}],"creation_timestamp":true,"deny":[],"destination_ranges":true,"direction":true,"enable_logging":true,"id":true,"log_config":[],"self_link":true,"source_ranges":[false],"target_tags":[false]},"before_sensitive":false,"after_sensitive":{"allow":[{"ports":[false,false,false,false]}],"deny":[],"destination_ranges":[],"log_config":[],"source_ranges":[false],"target_tags":[false]}}},{"address":"google_compute_instance.default","mode":"managed","type":"google_compute_instance","name":"default","provider_name":"registry.opentofu.org/hashicorp/google","change":{"actions":["create"],"before":null,"after":{"advanced_machine_features":[],"allow_stopping_for_update":null,"attached_disk":[],"boot_disk":[{"auto_delete":true,"disk_encryption_key_raw":null,"initialize_params":[{"enable_confidential_compute":null,"image":"projects/ubuntu-os-cloud/global/images/family/ubuntu-2204-lts","resource_manager_tags":null,"size":30,"storage_pool":null,"type":"pd-balanced"}],"mode":"READ_WRITE"}],"can_ip_forward":false,"deletion_protection":false,"description":null,"desired_status":null,"enable_display":null,"hostname":null,"labels":null,"machine_type":"custom-2-2048","metadata":{"ssh-keys":"rg:ssh-rsa AAAAB3NzaC1yc2EAAAADAQABAAACAQCm33QBoDE9uz5sWk+oB+h+iMEDt2Nbxle2Y2Np27aKSgfoT9pxD8ZSisr7FLlGr2wuBdrpdal/5lYzfCfuBQTN3dYhuOo3sY9XTn9klxfZtZAL9UxIHJY9kn5LIEELHWROAR940AdmF1jueAfBdN5nPs+HEK7GU2OjK1EH5ETAYqCOOq8sN0bfHFG6ah+3LxBvTTr57efcJWjSVQCcMPvKpv+yOye+vG1HJgB30vsNtoFHw+em4QSHoJnamyKetskaUxat4AGXh6N3SO9g3cU5nqNpfFCkt+zEE20XImN6gSdoEBv9d5TaRy8fqkiIekEzlnbb7ejXfMCaHznvo6HVLt2KZlPahTLEOasObDDOOrhqmtAVh0Ild3FzNRhxb+ksI19dbKFKYKqENic0ayt8FwRs1rjAmaxbpGf1kmTiUZTmUoH5/FajFJ7QNgjC+LVTWtvDIvbSPvjjsBGNt4jvgJaMR3bokw7AGqZ4+t3tdM0BXVWCHEE9+QKXUC76GdivWwvHwK1bgSvAfMt+TK0AM371jCY4XHhZOAOBuc/gGyiAx3jYZtr+E9ffAHtgELX/yQ/FkxoPB5Gw+wIRCuNvVng8zMaQAQGkIO9Y45XI3w/dBOZLjeOnxjFa94mj5SiM6TEOiKGx2vwYRLnfFzQY1V2RXNZ4wjo/UmlSR7Mn5Q== tandalam@tandalampc\n"},"metadata_startup_script":null,"name":"vm-native","network_interface":[{"access_config":[{"public_ptr_domain_name":null}],"alias_ip_range":[],"ipv6_access_config":[],"network":"default","nic_type":null,"queue_count":null}],"network_performance_config":[],"params":[],"project":"tf-project-1763286414","resource_policies":null,"scratch_disk":[],"service_account":[],"shielded_instance_config":[],"tags":["allow-ssh-http-https-8080"],"timeouts":null,"zone":"europe-west4-a"},"after_unknown":{"advanced_machine_features":[],"attached_disk":[],"boot_disk":[{"device_name":true,"disk_encryption_key_sha256":true,"initialize_params":[{"labels":true,"provisioned_iops":true,"provisioned_throughput":true}],"kms_key_self_link":true,"source":true}],"confidential_instance_config":true,"cpu_platform":true,"current_status":true,"effective_labels":true,"guest_accelerator":true,"id":true,"instance_id":true,"label_fingerprint":true,"metadata":{},"metadata_fingerprint":true,"min_cpu_platform":true,"network_interface":[{"access_config":[{"nat_ip":true,"network_tier":true}],"alias_ip_range":[],"internal_ipv6_prefix_length":true,"ipv6_access_config":[],"ipv6_access_type":true,"ipv6_address":true,"name":true,"network_ip":true,"stack_type":true,"subnetwork":true,"subnetwork_project":true}],"network_performance_config":[],"params":[],"reservation_affinity":true,"scheduling":true,"scratch_disk":[],"self_link":true,"service_account":[],"shielded_instance_config":[],"tags":[false],"tags_fingerprint":true,"terraform_labels":true},"before_sensitive":false,"after_sensitive":{"advanced_machine_features":[],"attached_disk":[],"boot_disk":[{"disk_encryption_key_raw":true,"initialize_params":[{"labels":{}}]}],"confidential_instance_config":[],"effective_labels":{},"guest_accelerator":[],"metadata":{},"network_interface":[{"access_config":[{}],"alias_ip_range":[],"ipv6_access_config":[]}],"network_performance_config":[],"params":[],"reservation_affinity":[],"scheduling":[],"scratch_disk":[],"service_account":[],"shielded_instance_config":[],"tags":[false],"terraform_labels":{}}}}],"configuration":{"provider_config":{"google":{"name":"google","full_name":"registry.opentofu.org/hashicorp/google","version_constraint":"~\u003e 5.0","expressions":{"project":{"constant_value":"hopeful-seat-418610"},"region":{"constant_value":"europe-west4"}}}},"root_module":{"resources":[{"address":"google_compute_firewall.allow-ssh-http-https-custom_ports","mode":"managed","type":"google_compute_firewall","name":"allow-ssh-http-https-custom_ports","provider_config_key":"google","expressions":{"allow":[{"ports":{"constant_value":["22","80","443","8080"]},"protocol":{"constant_value":"tcp"}}],"name":{"constant_value":"allow-ssh-http-https-8080"},"network":{"constant_value":"default"},"project":{"constant_value":"tf-project-1763286414"},"source_ranges":{"constant_value":["0.0.0.0/0"]},"target_tags":{"constant_value":["allow-ssh-http-https-8080"]}},"schema_version":1},{"address":"google_compute_instance.default","mode":"managed","type":"google_compute_instance","name":"default","provider_config_key":"google","provisioners":[{"type":"remote-exec","expressions":{"inline":{"constant_value":["sudo apt update"]}}}],"expressions":{"boot_disk":[{"initialize_params":[{"image":{"constant_value":"projects/ubuntu-os-cloud/global/images/family/ubuntu-2204-lts"},"size":{"constant_value":30},"type":{"constant_value":"pd-balanced"}}]}],"machine_type":{"constant_value":"custom-2-2048"},"metadata":{},"name":{"constant_value":"vm-native"},"network_interface":[{"access_config":[{}],"network":{"constant_value":"default"}}],"project":{"constant_value":"tf-project-1763286414"},"tags":{"constant_value":["allow-ssh-http-https-8080"]},"zone":{"constant_value":"europe-west4-a"}},"schema_version":6}]}},"timestamp":"2025-11-23T18:22:08Z","errored":false}
