{"version":4,"terraform_version":"1.10.6","serial":14,"lineage":"9a7d8384-8bbf-09f9-3ca8-c077f7c622f9","outputs":{"public_ip":{"value":"34.147.12.227","type":"string"}},"resources":[{"mode":"managed","type":"google_compute_firewall","name":"allow-ssh-http-https-custom_ports","provider":"provider[\"registry.opentofu.org/hashicorp/google\"]","instances":[{"schema_version":1,"attributes":{"allow":[{"ports":["22","80","443","8080"],"protocol":"tcp"}],"creation_timestamp":"2025-11-27T01:32:08.548-08:00","deny":[],"description":"","destination_ranges":[],"direction":"INGRESS","disabled":false,"enable_logging":null,"id":"projects/tf-project-1763286414/global/firewalls/allow-ssh-http-https-8080","log_config":[],"name":"allow-ssh-http-https-8080","network":"https://www.googleapis.com/compute/v1/projects/tf-project-1763286414/global/networks/default","priority":1000,"project":"tf-project-1763286414","self_link":"https://www.googleapis.com/compute/v1/projects/tf-project-1763286414/global/firewalls/allow-ssh-http-https-8080","source_ranges":["0.0.0.0/0"],"source_service_accounts":[],"source_tags":[],"target_service_accounts":[],"target_tags":["allow-ssh-http-https-8080"],"timeouts":null},"sensitive_attributes":[],"private":"eyJlMmJmYjczMC1lY2FhLTExZTYtOGY4OC0zNDM2M2JjN2M0YzAiOnsiY3JlYXRlIjoxMjAwMDAwMDAwMDAwLCJkZWxldGUiOjEyMDAwMDAwMDAwMDAsInVwZGF0ZSI6MTIwMDAwMDAwMDAwMH0sInNjaGVtYV92ZXJzaW9uIjoiMSJ9"}]}],"check_results":null}
